
Microsoft Visual Studio Solution File, Format Version 12.00
# Visual Studio Version 16
VisualStudioVersion = 16.0.32802.440
MinimumVisualStudioVersion = 10.0.40219.1
Project("{8BC9CEB8-8B4A-11D0-8D11-00A0C91BC942}") = "20220907_hong_test1", "20220907_hong_test1\20220907_hong_test1.vcxproj", "{8486CF57-164E-403A-8443-C16AC19567FC}"
EndProject
Global
	GlobalSection(SolutionConfigurationPlatforms) = preSolution
		Debug|x64 = Debug|x64
		Debug|x86 = Debug|x86
		Release|x64 = Release|x64
		Release|x86 = Release|x86
	EndGlobalSection
	GlobalSection(ProjectConfigurationPlatforms) = postSolution
		{8486CF57-164E-403A-8443-C16AC19567FC}.Debug|x64.ActiveCfg = Debug|x64
		{8486CF57-164E-403A-8443-C16AC19567FC}.Debug|x64.Build.0 = Debug|x64
		{8486CF57-164E-403A-8443-C16AC19567FC}.Debug|x86.ActiveCfg = Debug|Win32
		{8486CF57-164E-403A-8443-C16AC19567FC}.Debug|x86.Build.0 = Debug|Win32
		{8486CF57-164E-403A-8443-C16AC19567FC}.Release|x64.ActiveCfg = Release|x64
		{8486CF57-164E-403A-8443-C16AC19567FC}.Release|x64.Build.0 = Release|x64
		{8486CF57-164E-403A-8443-C16AC19567FC}.Release|x86.ActiveCfg = Release|Win32
		{8486CF57-164E-403A-8443-C16AC19567FC}.Release|x86.Build.0 = Release|Win32
	EndGlobalSection
	GlobalSection(SolutionProperties) = preSolution
		HideSolutionNode = FALSE
	EndGlobalSection
	GlobalSection(ExtensibilityGlobals) = postSolution
		SolutionGuid = {AF66B6A8-C847-4C23-BD60-3E29293A7048}
	EndGlobalSection
EndGlobal
